Microsoft Visual Studio Solution File, Format Version 12.00
# Visual Studio Version 17
VisualStudioVersion = 17.5.2.0
MinimumVisualStudioVersion = 10.0.40219.1
Project("{FAE04EC0-301F-11D3-BF4B-00C04F79EFBC}") = "ModEngineLauncherConfig", "ModEngineLauncherConfig.csproj", "{0805F3AD-5940-5792-C09F-16C1FF985FF4}"
EndProject
Global
	GlobalSection(SolutionConfigurationPlatforms) = preSolution
		Debug|Any CPU = Debug|Any CPU
		Release|Any CPU = Release|Any CPU
	EndGlobalSection
	GlobalSection(ProjectConfigurationPlatforms) = postSolution
		{0805F3AD-5940-5792-C09F-16C1FF985FF4}.Debug|Any CPU.ActiveCfg = Debug|Any CPU
		{0805F3AD-5940-5792-C09F-16C1FF985FF4}.Debug|Any CPU.Build.0 = Debug|Any CPU
		{0805F3AD-5940-5792-C09F-16C1FF985FF4}.Release|Any CPU.ActiveCfg = Release|Any CPU
		{0805F3AD-5940-5792-C09F-16C1FF985FF4}.Release|Any CPU.Build.0 = Release|Any CPU
	EndGlobalSection
	GlobalSection(SolutionProperties) = preSolution
		HideSolutionNode = FALSE
	EndGlobalSection
	GlobalSection(ExtensibilityGlobals) = postSolution
		SolutionGuid = {912A8D5D-6AA0-459A-9A9C-AB63AF2C200F}
	EndGlobalSection
EndGlobal
